
Microsoft Visual Studio Solution File, Format Version 12.00
# Visual Studio Version 17
VisualStudioVersion = 17.1.32328.378
MinimumVisualStudioVersion = 10.0.40219.1
Project("{2150E333-8FDC-42A3-9474-1A3956D46DE8}") = "src", "src", "{C8F98AB8-C954-4B96-98EE-F2CEC610338D}"
EndProject
Project("{9A19103F-16F7-4668-BE54-9A1E7A4F7556}") = "PSJsonDiffPatch", "PSJsonDiffPatch\PSJsonDiffPatch.csproj", "{67121FBC-32EE-403D-BAE2-7E110E6969A6}"
EndProject
Project("{2150E333-8FDC-42A3-9474-1A3956D46DE8}") = "Solution Items", "Solution Items", "{2F7408DD-92E9-411D-840E-23EE6FCBBD5C}"
	ProjectSection(SolutionItems) = preProject
		..\README = ..\README
	EndProjectSection
EndProject
Global
	GlobalSection(SolutionConfigurationPlatforms) = preSolution
		Debug|Any CPU = Debug|Any CPU
		Release|Any CPU = Release|Any CPU
	EndGlobalSection
	GlobalSection(ProjectConfigurationPlatforms) = postSolution
		{67121FBC-32EE-403D-BAE2-7E110E6969A6}.Debug|Any CPU.ActiveCfg = Debug|Any CPU
		{67121FBC-32EE-403D-BAE2-7E110E6969A6}.Debug|Any CPU.Build.0 = Debug|Any CPU
		{67121FBC-32EE-403D-BAE2-7E110E6969A6}.Release|Any CPU.ActiveCfg = Release|Any CPU
		{67121FBC-32EE-403D-BAE2-7E110E6969A6}.Release|Any CPU.Build.0 = Release|Any CPU
	EndGlobalSection
	GlobalSection(SolutionProperties) = preSolution
		HideSolutionNode = FALSE
	EndGlobalSection
	GlobalSection(NestedProjects) = preSolution
		{67121FBC-32EE-403D-BAE2-7E110E6969A6} = {C8F98AB8-C954-4B96-98EE-F2CEC610338D}
	EndGlobalSection
	GlobalSection(ExtensibilityGlobals) = postSolution
		SolutionGuid = {0DD8C384-2583-4AAD-89B9-0DF8F790AE5B}
	EndGlobalSection
EndGlobal
